
Microsoft Visual Studio Solution File, Format Version 12.00
# Visual Studio 2012
Project("{FAE04EC0-301F-11D3-BF4B-00C04F79EFBC}") = "UnitTestHost", "UnitTestHost\UnitTestHost.csproj", "{F0926EAB-40F8-4C6C-BE51-0364F14153E9}"
EndProject
Project("{FAE04EC0-301F-11D3-BF4B-00C04F79EFBC}") = "VSUnitTestAddin", "VSUnitTestAddin\VSUnitTestAddin.csproj", "{1F5B187F-05AA-445C-AA80-155831B0506F}"
EndProject
Project("{FAE04EC0-301F-11D3-BF4B-00C04F79EFBC}") = "TxpAddinLibrary", "TxpAddinLibrary\TxpAddinLibrary.csproj", "{5C34DEAF-5B11-4433-81CE-5053CD12DFB0}"
EndProject
Project("{2150E333-8FDC-42A3-9474-1A3956D46DE8}") = "lib", "lib", "{54320CE3-C6A4-4BA5-8FEB-937CE0CCF83C}"
	ProjectSection(SolutionItems) = preProject
		lib\AddinInstanceBase.cs = lib\AddinInstanceBase.cs
		lib\AddinMarshaler.cs = lib\AddinMarshaler.cs
	EndProjectSection
EndProject
Project("{2150E333-8FDC-42A3-9474-1A3956D46DE8}") = "Handlers", "Handlers", "{EB1EBD6E-84F8-4EED-A40D-637A235519F3}"
	ProjectSection(SolutionItems) = preProject
		AppGetAdvertisingData.cs = AppGetAdvertisingData.cs
		lib\Handlers\AppIdleHandler.cs = lib\Handlers\AppIdleHandler.cs
		lib\Handlers\AppNotifyHandler.cs = lib\Handlers\AppNotifyHandler.cs
	EndProjectSection
EndProject
Project("{2150E333-8FDC-42A3-9474-1A3956D46DE8}") = "ClientFile", "ClientFile", "{2357DC22-25FC-40F1-B4D8-3376C02FC3DA}"
	ProjectSection(SolutionItems) = preProject
		lib\Handlers\ClientFile\AfterChangeHeaderPropertyHandler.cs = lib\Handlers\ClientFile\AfterChangeHeaderPropertyHandler.cs
		lib\Handlers\ClientFile\AfterChangeNameHandler.cs = lib\Handlers\ClientFile\AfterChangeNameHandler.cs
		lib\Handlers\ClientFile\AfterSaveHandler.cs = lib\Handlers\ClientFile\AfterSaveHandler.cs
		lib\Handlers\ClientFile\BeforeChangeNameHandler.cs = lib\Handlers\ClientFile\BeforeChangeNameHandler.cs
		lib\Handlers\ClientFile\BeforeCurrentDocumentChangeHandler.cs = lib\Handlers\ClientFile\BeforeCurrentDocumentChangeHandler.cs
		lib\Handlers\ClientFile\BeforeReturnStatusChangeHandler.cs = lib\Handlers\ClientFile\BeforeReturnStatusChangeHandler.cs
		lib\Handlers\ClientFile\BeforeSaveHandler.cs = lib\Handlers\ClientFile\BeforeSaveHandler.cs
		lib\Handlers\ClientFile\ClientFileNotifyWithDocumentHandler.cs = lib\Handlers\ClientFile\ClientFileNotifyWithDocumentHandler.cs
	EndProjectSection
EndProject
Project("{2150E333-8FDC-42A3-9474-1A3956D46DE8}") = "Configuration", "Configuration", "{D69C56F0-6E7D-4E27-94F2-C6776E56D205}"
	ProjectSection(SolutionItems) = preProject
		lib\Handlers\Configuration\KeyAddRemove.cs = lib\Handlers\Configuration\KeyAddRemove.cs
		lib\Handlers\Configuration\KeyModify.cs = lib\Handlers\Configuration\KeyModify.cs
		lib\Handlers\Configuration\SectionAddRemove.cs = lib\Handlers\Configuration\SectionAddRemove.cs
	EndProjectSection
EndProject
Project("{2150E333-8FDC-42A3-9474-1A3956D46DE8}") = "DatabaseEnv", "DatabaseEnv", "{3CE2F545-FD06-4B3B-8BD2-607B2FF8A2ED}"
	ProjectSection(SolutionItems) = preProject
		lib\Handlers\DatabaseEnv\AfterAcceptUserInput.cs = lib\Handlers\DatabaseEnv\AfterAcceptUserInput.cs
		lib\Handlers\DatabaseEnv\BeforeCalcHandler.cs = lib\Handlers\DatabaseEnv\BeforeCalcHandler.cs
		lib\Handlers\DatabaseEnv\NotifyWithGroupArray.cs = lib\Handlers\DatabaseEnv\NotifyWithGroupArray.cs
	EndProjectSection
EndProject
Project("{2150E333-8FDC-42A3-9474-1A3956D46DE8}") = "DragDrop", "DragDrop", "{623BA41C-C342-47AE-AA6C-C8E49567B900}"
	ProjectSection(SolutionItems) = preProject
		lib\Handlers\DragDrop\DataFormatHandler.cs = lib\Handlers\DragDrop\DataFormatHandler.cs
	EndProjectSection
EndProject
Project("{2150E333-8FDC-42A3-9474-1A3956D46DE8}") = "ModuleManager", "ModuleManager", "{E82F0463-5B65-4C01-8918-3D1B310B2B47}"
	ProjectSection(SolutionItems) = preProject
		lib\Handlers\ModuleManager\NotifyHandler.cs = lib\Handlers\ModuleManager\NotifyHandler.cs
	EndProjectSection
EndProject
Project("{FAE04EC0-301F-11D3-BF4B-00C04F79EFBC}") = "VSUnitTests", "VSUnitTests\VSUnitTests.csproj", "{29683531-5E1B-4267-B187-81FDDFBF9816}"
EndProject
Global
	GlobalSection(SolutionConfigurationPlatforms) = preSolution
		Debug|Any CPU = Debug|Any CPU
		Debug|Mixed Platforms = Debug|Mixed Platforms
		Debug|x86 = Debug|x86
		Release|Any CPU = Release|Any CPU
		Release|Mixed Platforms = Release|Mixed Platforms
		Release|x86 = Release|x86
	EndGlobalSection
	GlobalSection(ProjectConfigurationPlatforms) = postSolution
		{F0926EAB-40F8-4C6C-BE51-0364F14153E9}.Debug|Any CPU.ActiveCfg = Debug|x86
		{F0926EAB-40F8-4C6C-BE51-0364F14153E9}.Debug|Mixed Platforms.ActiveCfg = Debug|x86
		{F0926EAB-40F8-4C6C-BE51-0364F14153E9}.Debug|Mixed Platforms.Build.0 = Debug|x86
		{F0926EAB-40F8-4C6C-BE51-0364F14153E9}.Debug|x86.ActiveCfg = Debug|x86
		{F0926EAB-40F8-4C6C-BE51-0364F14153E9}.Debug|x86.Build.0 = Debug|x86
		{F0926EAB-40F8-4C6C-BE51-0364F14153E9}.Release|Any CPU.ActiveCfg = Release|x86
		{F0926EAB-40F8-4C6C-BE51-0364F14153E9}.Release|Mixed Platforms.ActiveCfg = Release|x86
		{F0926EAB-40F8-4C6C-BE51-0364F14153E9}.Release|Mixed Platforms.Build.0 = Release|x86
		{F0926EAB-40F8-4C6C-BE51-0364F14153E9}.Release|x86.ActiveCfg = Release|x86
		{1F5B187F-05AA-445C-AA80-155831B0506F}.Debug|Any CPU.ActiveCfg = Debug|x86
		{1F5B187F-05AA-445C-AA80-155831B0506F}.Debug|Mixed Platforms.ActiveCfg = Debug|x86
		{1F5B187F-05AA-445C-AA80-155831B0506F}.Debug|Mixed Platforms.Build.0 = Debug|x86
		{1F5B187F-05AA-445C-AA80-155831B0506F}.Debug|x86.ActiveCfg = Debug|x86
		{1F5B187F-05AA-445C-AA80-155831B0506F}.Debug|x86.Build.0 = Debug|x86
		{1F5B187F-05AA-445C-AA80-155831B0506F}.Release|Any CPU.ActiveCfg = Release|x86
		{1F5B187F-05AA-445C-AA80-155831B0506F}.Release|Mixed Platforms.ActiveCfg = Release|x86
		{1F5B187F-05AA-445C-AA80-155831B0506F}.Release|Mixed Platforms.Build.0 = Release|x86
		{1F5B187F-05AA-445C-AA80-155831B0506F}.Release|x86.ActiveCfg = Release|x86
		{1F5B187F-05AA-445C-AA80-155831B0506F}.Release|x86.Build.0 = Release|x86
		{5C34DEAF-5B11-4433-81CE-5053CD12DFB0}.Debug|Any CPU.ActiveCfg = Debug|x86
		{5C34DEAF-5B11-4433-81CE-5053CD12DFB0}.Debug|Any CPU.Build.0 = Debug|x86
		{5C34DEAF-5B11-4433-81CE-5053CD12DFB0}.Debug|Mixed Platforms.ActiveCfg = Debug|x86
		{5C34DEAF-5B11-4433-81CE-5053CD12DFB0}.Debug|Mixed Platforms.Build.0 = Debug|x86
		{5C34DEAF-5B11-4433-81CE-5053CD12DFB0}.Debug|x86.ActiveCfg = Debug|x86
		{5C34DEAF-5B11-4433-81CE-5053CD12DFB0}.Debug|x86.Build.0 = Debug|x86
		{5C34DEAF-5B11-4433-81CE-5053CD12DFB0}.Release|Any CPU.ActiveCfg = Release|x86
		{5C34DEAF-5B11-4433-81CE-5053CD12DFB0}.Release|Mixed Platforms.ActiveCfg = Release|x86
		{5C34DEAF-5B11-4433-81CE-5053CD12DFB0}.Release|Mixed Platforms.Build.0 = Release|x86
		{5C34DEAF-5B11-4433-81CE-5053CD12DFB0}.Release|x86.ActiveCfg = Release|x86
		{5C34DEAF-5B11-4433-81CE-5053CD12DFB0}.Release|x86.Build.0 = Release|x86
		{29683531-5E1B-4267-B187-81FDDFBF9816}.Debug|Any CPU.ActiveCfg = Debug|x86
		{29683531-5E1B-4267-B187-81FDDFBF9816}.Debug|Mixed Platforms.ActiveCfg = Debug|x86
		{29683531-5E1B-4267-B187-81FDDFBF9816}.Debug|Mixed Platforms.Build.0 = Debug|x86
		{29683531-5E1B-4267-B187-81FDDFBF9816}.Debug|x86.ActiveCfg = Debug|x86
		{29683531-5E1B-4267-B187-81FDDFBF9816}.Debug|x86.Build.0 = Debug|x86
		{29683531-5E1B-4267-B187-81FDDFBF9816}.Release|Any CPU.ActiveCfg = Release|x86
		{29683531-5E1B-4267-B187-81FDDFBF9816}.Release|Mixed Platforms.ActiveCfg = Release|x86
		{29683531-5E1B-4267-B187-81FDDFBF9816}.Release|Mixed Platforms.Build.0 = Release|x86
		{29683531-5E1B-4267-B187-81FDDFBF9816}.Release|x86.ActiveCfg = Release|x86
		{29683531-5E1B-4267-B187-81FDDFBF9816}.Release|x86.Build.0 = Release|x86
	EndGlobalSection
	GlobalSection(SolutionProperties) = preSolution
		HideSolutionNode = FALSE
	EndGlobalSection
	GlobalSection(NestedProjects) = preSolution
		{EB1EBD6E-84F8-4EED-A40D-637A235519F3} = {54320CE3-C6A4-4BA5-8FEB-937CE0CCF83C}
		{2357DC22-25FC-40F1-B4D8-3376C02FC3DA} = {EB1EBD6E-84F8-4EED-A40D-637A235519F3}
		{D69C56F0-6E7D-4E27-94F2-C6776E56D205} = {EB1EBD6E-84F8-4EED-A40D-637A235519F3}
		{3CE2F545-FD06-4B3B-8BD2-607B2FF8A2ED} = {EB1EBD6E-84F8-4EED-A40D-637A235519F3}
		{623BA41C-C342-47AE-AA6C-C8E49567B900} = {EB1EBD6E-84F8-4EED-A40D-637A235519F3}
		{E82F0463-5B65-4C01-8918-3D1B310B2B47} = {EB1EBD6E-84F8-4EED-A40D-637A235519F3}
	EndGlobalSection
EndGlobal
